
Microsoft Visual Studio Solution File, Format Version 12.00
# Visual Studio 2012
Project("{FAE04EC0-301F-11D3-BF4B-00C04F79EFBC}") = "CodeShare", "CodeShare\CodeShare.csproj", "{0BED93CF-6BF3-4183-BCF0-3F28BBDD834E}"
EndProject
Project("{FAE04EC0-301F-11D3-BF4B-00C04F79EFBC}") = "CodeShare.SSMSPlugin", "CodeShare.SSMSPlugin\CodeShare.SSMSPlugin.csproj", "{54C786E5-FD14-4036-92AE-E9F25B71534B}"
EndProject
Project("{2150E333-8FDC-42A3-9474-1A3956D46DE8}") = "Lib", "Lib", "{2B34B5DF-3526-4590-A9ED-7A0A70435A59}"
	ProjectSection(SolutionItems) = preProject
		Lib\Community.CsharpSqlite.dll = Lib\Community.CsharpSqlite.dll
		Lib\Community.CsharpSqlite.SQLiteClient.dll = Lib\Community.CsharpSqlite.SQLiteClient.dll
		Lib\log4net.dll = Lib\log4net.dll
		Lib\Microsoft.SqlServer.SqlTools.VSIntegration.dll = Lib\Microsoft.SqlServer.SqlTools.VSIntegration.dll
		Lib\SqlWorkbench.Interfaces.dll = Lib\SqlWorkbench.Interfaces.dll
	EndProjectSection
EndProject
Project("{FAE04EC0-301F-11D3-BF4B-00C04F79EFBC}") = "CodeShare.UI", "CodeShare.UI\CodeShare.UI.csproj", "{B7EA2AFD-7F82-4035-A6E4-794976EA2DAE}"
EndProject
Project("{2150E333-8FDC-42A3-9474-1A3956D46DE8}") = "Script", "Script", "{65D96202-EC3D-4666-A7EA-03CB655720D1}"
	ProjectSection(SolutionItems) = preProject
		Script\Category.sql = Script\Category.sql
	EndProjectSection
EndProject
Global
	GlobalSection(SolutionConfigurationPlatforms) = preSolution
		Debug|Any CPU = Debug|Any CPU
		Release|Any CPU = Release|Any CPU
	EndGlobalSection
	GlobalSection(ProjectConfigurationPlatforms) = postSolution
		{0BED93CF-6BF3-4183-BCF0-3F28BBDD834E}.Debug|Any CPU.ActiveCfg = Debug|Any CPU
		{0BED93CF-6BF3-4183-BCF0-3F28BBDD834E}.Debug|Any CPU.Build.0 = Debug|Any CPU
		{0BED93CF-6BF3-4183-BCF0-3F28BBDD834E}.Release|Any CPU.ActiveCfg = Release|Any CPU
		{0BED93CF-6BF3-4183-BCF0-3F28BBDD834E}.Release|Any CPU.Build.0 = Release|Any CPU
		{54C786E5-FD14-4036-92AE-E9F25B71534B}.Debug|Any CPU.ActiveCfg = Debug|Any CPU
		{54C786E5-FD14-4036-92AE-E9F25B71534B}.Debug|Any CPU.Build.0 = Debug|Any CPU
		{54C786E5-FD14-4036-92AE-E9F25B71534B}.Release|Any CPU.ActiveCfg = Release|Any CPU
		{54C786E5-FD14-4036-92AE-E9F25B71534B}.Release|Any CPU.Build.0 = Release|Any CPU
		{B7EA2AFD-7F82-4035-A6E4-794976EA2DAE}.Debug|Any CPU.ActiveCfg = Debug|Any CPU
		{B7EA2AFD-7F82-4035-A6E4-794976EA2DAE}.Debug|Any CPU.Build.0 = Debug|Any CPU
		{B7EA2AFD-7F82-4035-A6E4-794976EA2DAE}.Release|Any CPU.ActiveCfg = Release|Any CPU
		{B7EA2AFD-7F82-4035-A6E4-794976EA2DAE}.Release|Any CPU.Build.0 = Release|Any CPU
	EndGlobalSection
	GlobalSection(SolutionProperties) = preSolution
		HideSolutionNode = FALSE
	EndGlobalSection
EndGlobal
